
Microsoft Visual Studio Solution File, Format Version 12.00
# Visual Studio Version 17
VisualStudioVersion = 17.13.35913.81
MinimumVisualStudioVersion = 10.0.40219.1
Project("{FAE04EC0-301F-11D3-BF4B-00C04F79EFBC}") = "InHouseCS2Service", "InHouseCS2Service\InHouseCS2Service.csproj", "{79833A03-C353-416D-9B01-3B298C4844A6}"
EndProject
Project("{FAE04EC0-301F-11D3-BF4B-00C04F79EFBC}") = "InHouseCS2.Core.Managers.Contracts", "Core\Managers\Contracts\InHouseCS2.Core.Managers.Contracts.csproj", "{4B2BBF59-4ACB-4D58-941C-F29DD527B910}"
EndProject
Project("{2150E333-8FDC-42A3-9474-1A3956D46DE8}") = "Core", "Core", "{02EA681E-C7D8-13C7-8484-4AC65E1B71E8}"
EndProject
Project("{2150E333-8FDC-42A3-9474-1A3956D46DE8}") = "Managers", "Managers", "{581587A6-8D71-4248-9738-093F5B2C3296}"
EndProject
Project("{2150E333-8FDC-42A3-9474-1A3956D46DE8}") = "Contracts", "Contracts", "{98C68326-8661-4A3A-B817-952CE9EB9BF9}"
EndProject
Project("{2150E333-8FDC-42A3-9474-1A3956D46DE8}") = "Source", "Source", "{E21EB63D-3AB4-4968-980C-A575E919638F}"
EndProject
Project("{2150E333-8FDC-42A3-9474-1A3956D46DE8}") = "UnitTests", "UnitTests", "{0EE4F206-04FB-4D54-871B-B9D2BE9FFE45}"
EndProject
Project("{FAE04EC0-301F-11D3-BF4B-00C04F79EFBC}") = "InHouseCS2.Core.Managers", "Core\Managers\Source\InHouseCS2.Core.Managers.csproj", "{94647FF5-2773-8444-07E6-57B260B65FB6}"
EndProject
Project("{FAE04EC0-301F-11D3-BF4B-00C04F79EFBC}") = "InHouseCS2.Core.Managers.UnitTests", "Core\Managers\UnitTests\InHouseCS2.Core.Managers.UnitTests.csproj", "{AAE9092E-5CED-4BBB-82FA-7546A734C1C0}"
EndProject
Project("{2150E333-8FDC-42A3-9474-1A3956D46DE8}") = "Clients", "Clients", "{A3973408-F00E-47B1-8E01-4A12A20BDA6A}"
EndProject
Project("{2150E333-8FDC-42A3-9474-1A3956D46DE8}") = "Contracts", "Contracts", "{BC68D572-14A8-4C04-B82D-22B3795234C8}"
EndProject
Project("{2150E333-8FDC-42A3-9474-1A3956D46DE8}") = "Source", "Source", "{8732D061-1569-4502-BDD5-68C190D45F67}"
EndProject
Project("{2150E333-8FDC-42A3-9474-1A3956D46DE8}") = "UnitTests", "UnitTests", "{63B8BED5-18E4-4998-9CDD-1F755D72F458}"
EndProject
Project("{FAE04EC0-301F-11D3-BF4B-00C04F79EFBC}") = "InHouseCS2.Core.Clients.Contracts", "Core\Clients\Contracts\InHouseCS2.Core.Clients.Contracts.csproj", "{5777621B-A765-291C-C625-824290E12590}"
EndProject
Project("{FAE04EC0-301F-11D3-BF4B-00C04F79EFBC}") = "InHouseCS2.Core.Clients", "Core\Clients\Source\InHouseCS2.Core.Clients.csproj", "{EBD94DF3-452D-B553-BD4A-DD2C26D24BB1}"
EndProject
Project("{FAE04EC0-301F-11D3-BF4B-00C04F79EFBC}") = "InHouseCS2.Core.Clients.UnitTests", "Core\Clients\UnitTests\InHouseCS2.Core.Clients.UnitTests.csproj", "{8066DF69-4AC8-A87B-9C02-D1931BB7C82F}"
EndProject
Project("{2150E333-8FDC-42A3-9474-1A3956D46DE8}") = "EntityStores", "EntityStores", "{5A35F77F-28D7-4E59-9F76-510F826F676E}"
EndProject
Project("{2150E333-8FDC-42A3-9474-1A3956D46DE8}") = "Contracts", "Contracts", "{F6C3E1B3-5B19-4ECA-9DE4-BFE7ECB2A10E}"
EndProject
Project("{2150E333-8FDC-42A3-9474-1A3956D46DE8}") = "Source", "Source", "{DFE5F6BF-72B2-4FE3-AD14-8E788A3C1E73}"
EndProject
Project("{2150E333-8FDC-42A3-9474-1A3956D46DE8}") = "UnitTests", "UnitTests", "{4FAF92E9-FF57-4C11-89B0-57CFC7AE01BC}"
EndProject
Project("{FAE04EC0-301F-11D3-BF4B-00C04F79EFBC}") = "InHouseCS2.Core.EntityStores.Contracts", "Core\EntityStores\Contracts\InHouseCS2.Core.EntityStores.Contracts.csproj", "{6F86DD8C-32F8-3730-E891-FBF7B3F20E99}"
EndProject
Project("{FAE04EC0-301F-11D3-BF4B-00C04F79EFBC}") = "InHouseCS2.Core.EntityStores", "Core\EntityStores\Source\InHouseCS2.Core.EntityStores.csproj", "{DB2D573B-A19B-6F12-D97E-2A8658DB32B0}"
EndProject
Project("{FAE04EC0-301F-11D3-BF4B-00C04F79EFBC}") = "InHouseCS2.Core.EntityStores.UnitTests", "Core\EntityStores\UnitTests\InHouseCS2.Core.EntityStores.UnitTests.csproj", "{EE8C24F8-34B7-37A8-1498-52FF559CDDC2}"
EndProject
Project("{2150E333-8FDC-42A3-9474-1A3956D46DE8}") = "Common", "Common", "{3161DA6F-C367-4676-8491-7200E4447629}"
EndProject
Project("{2150E333-8FDC-42A3-9474-1A3956D46DE8}") = "Source", "Source", "{DF264440-F5BE-4FF7-8D81-1D25D1A1CEAA}"
EndProject
Project("{FAE04EC0-301F-11D3-BF4B-00C04F79EFBC}") = "InHouseCS2.Core.Common", "Core\Common\Source\InHouseCS2.Core.Common.csproj", "{3DC36AE0-D4E7-DDA3-AC7E-5B5F52085E34}"
EndProject
Project("{FAE04EC0-301F-11D3-BF4B-00C04F79EFBC}") = "InHouseCS2.Core.Common.Contracts", "Core\Common\Contracts\InHouseCS2.Core.Common.Contracts.csproj", "{F742CC6F-2C2C-81BC-0E68-3B2912803B9A}"
EndProject
Project("{2150E333-8FDC-42A3-9474-1A3956D46DE8}") = "Contracts", "Contracts", "{4164E5F9-93F2-42A5-8E97-B794E9FF1091}"
EndProject
Global
	GlobalSection(SolutionConfigurationPlatforms) = preSolution
		Debug|Any CPU = Debug|Any CPU
		Release|Any CPU = Release|Any CPU
	EndGlobalSection
	GlobalSection(ProjectConfigurationPlatforms) = postSolution
		{79833A03-C353-416D-9B01-3B298C4844A6}.Debug|Any CPU.ActiveCfg = Debug|Any CPU
		{79833A03-C353-416D-9B01-3B298C4844A6}.Debug|Any CPU.Build.0 = Debug|Any CPU
		{79833A03-C353-416D-9B01-3B298C4844A6}.Release|Any CPU.ActiveCfg = Release|Any CPU
		{79833A03-C353-416D-9B01-3B298C4844A6}.Release|Any CPU.Build.0 = Release|Any CPU
		{4B2BBF59-4ACB-4D58-941C-F29DD527B910}.Debug|Any CPU.ActiveCfg = Debug|Any CPU
		{4B2BBF59-4ACB-4D58-941C-F29DD527B910}.Debug|Any CPU.Build.0 = Debug|Any CPU
		{4B2BBF59-4ACB-4D58-941C-F29DD527B910}.Release|Any CPU.ActiveCfg = Release|Any CPU
		{4B2BBF59-4ACB-4D58-941C-F29DD527B910}.Release|Any CPU.Build.0 = Release|Any CPU
		{94647FF5-2773-8444-07E6-57B260B65FB6}.Debug|Any CPU.ActiveCfg = Debug|Any CPU
		{94647FF5-2773-8444-07E6-57B260B65FB6}.Debug|Any CPU.Build.0 = Debug|Any CPU
		{94647FF5-2773-8444-07E6-57B260B65FB6}.Release|Any CPU.ActiveCfg = Release|Any CPU
		{94647FF5-2773-8444-07E6-57B260B65FB6}.Release|Any CPU.Build.0 = Release|Any CPU
		{AAE9092E-5CED-4BBB-82FA-7546A734C1C0}.Debug|Any CPU.ActiveCfg = Debug|Any CPU
		{AAE9092E-5CED-4BBB-82FA-7546A734C1C0}.Debug|Any CPU.Build.0 = Debug|Any CPU
		{AAE9092E-5CED-4BBB-82FA-7546A734C1C0}.Release|Any CPU.ActiveCfg = Release|Any CPU
		{AAE9092E-5CED-4BBB-82FA-7546A734C1C0}.Release|Any CPU.Build.0 = Release|Any CPU
		{5777621B-A765-291C-C625-824290E12590}.Debug|Any CPU.ActiveCfg = Debug|Any CPU
		{5777621B-A765-291C-C625-824290E12590}.Debug|Any CPU.Build.0 = Debug|Any CPU
		{5777621B-A765-291C-C625-824290E12590}.Release|Any CPU.ActiveCfg = Release|Any CPU
		{5777621B-A765-291C-C625-824290E12590}.Release|Any CPU.Build.0 = Release|Any CPU
		{EBD94DF3-452D-B553-BD4A-DD2C26D24BB1}.Debug|Any CPU.ActiveCfg = Debug|Any CPU
		{EBD94DF3-452D-B553-BD4A-DD2C26D24BB1}.Debug|Any CPU.Build.0 = Debug|Any CPU
		{EBD94DF3-452D-B553-BD4A-DD2C26D24BB1}.Release|Any CPU.ActiveCfg = Release|Any CPU
		{EBD94DF3-452D-B553-BD4A-DD2C26D24BB1}.Release|Any CPU.Build.0 = Release|Any CPU
		{8066DF69-4AC8-A87B-9C02-D1931BB7C82F}.Debug|Any CPU.ActiveCfg = Debug|Any CPU
		{8066DF69-4AC8-A87B-9C02-D1931BB7C82F}.Debug|Any CPU.Build.0 = Debug|Any CPU
		{8066DF69-4AC8-A87B-9C02-D1931BB7C82F}.Release|Any CPU.ActiveCfg = Release|Any CPU
		{8066DF69-4AC8-A87B-9C02-D1931BB7C82F}.Release|Any CPU.Build.0 = Release|Any CPU
		{6F86DD8C-32F8-3730-E891-FBF7B3F20E99}.Debug|Any CPU.ActiveCfg = Debug|Any CPU
		{6F86DD8C-32F8-3730-E891-FBF7B3F20E99}.Debug|Any CPU.Build.0 = Debug|Any CPU
		{6F86DD8C-32F8-3730-E891-FBF7B3F20E99}.Release|Any CPU.ActiveCfg = Release|Any CPU
		{6F86DD8C-32F8-3730-E891-FBF7B3F20E99}.Release|Any CPU.Build.0 = Release|Any CPU
		{DB2D573B-A19B-6F12-D97E-2A8658DB32B0}.Debug|Any CPU.ActiveCfg = Debug|Any CPU
		{DB2D573B-A19B-6F12-D97E-2A8658DB32B0}.Debug|Any CPU.Build.0 = Debug|Any CPU
		{DB2D573B-A19B-6F12-D97E-2A8658DB32B0}.Release|Any CPU.ActiveCfg = Release|Any CPU
		{DB2D573B-A19B-6F12-D97E-2A8658DB32B0}.Release|Any CPU.Build.0 = Release|Any CPU
		{EE8C24F8-34B7-37A8-1498-52FF559CDDC2}.Debug|Any CPU.ActiveCfg = Debug|Any CPU
		{EE8C24F8-34B7-37A8-1498-52FF559CDDC2}.Debug|Any CPU.Build.0 = Debug|Any CPU
		{EE8C24F8-34B7-37A8-1498-52FF559CDDC2}.Release|Any CPU.ActiveCfg = Release|Any CPU
		{EE8C24F8-34B7-37A8-1498-52FF559CDDC2}.Release|Any CPU.Build.0 = Release|Any CPU
		{3DC36AE0-D4E7-DDA3-AC7E-5B5F52085E34}.Debug|Any CPU.ActiveCfg = Debug|Any CPU
		{3DC36AE0-D4E7-DDA3-AC7E-5B5F52085E34}.Debug|Any CPU.Build.0 = Debug|Any CPU
		{3DC36AE0-D4E7-DDA3-AC7E-5B5F52085E34}.Release|Any CPU.ActiveCfg = Release|Any CPU
		{3DC36AE0-D4E7-DDA3-AC7E-5B5F52085E34}.Release|Any CPU.Build.0 = Release|Any CPU
		{F742CC6F-2C2C-81BC-0E68-3B2912803B9A}.Debug|Any CPU.ActiveCfg = Debug|Any CPU
		{F742CC6F-2C2C-81BC-0E68-3B2912803B9A}.Debug|Any CPU.Build.0 = Debug|Any CPU
		{F742CC6F-2C2C-81BC-0E68-3B2912803B9A}.Release|Any CPU.ActiveCfg = Release|Any CPU
		{F742CC6F-2C2C-81BC-0E68-3B2912803B9A}.Release|Any CPU.Build.0 = Release|Any CPU
	EndGlobalSection
	GlobalSection(SolutionProperties) = preSolution
		HideSolutionNode = FALSE
	EndGlobalSection
	GlobalSection(NestedProjects) = preSolution
		{4B2BBF59-4ACB-4D58-941C-F29DD527B910} = {98C68326-8661-4A3A-B817-952CE9EB9BF9}
		{581587A6-8D71-4248-9738-093F5B2C3296} = {02EA681E-C7D8-13C7-8484-4AC65E1B71E8}
		{98C68326-8661-4A3A-B817-952CE9EB9BF9} = {581587A6-8D71-4248-9738-093F5B2C3296}
		{E21EB63D-3AB4-4968-980C-A575E919638F} = {581587A6-8D71-4248-9738-093F5B2C3296}
		{0EE4F206-04FB-4D54-871B-B9D2BE9FFE45} = {581587A6-8D71-4248-9738-093F5B2C3296}
		{94647FF5-2773-8444-07E6-57B260B65FB6} = {E21EB63D-3AB4-4968-980C-A575E919638F}
		{AAE9092E-5CED-4BBB-82FA-7546A734C1C0} = {0EE4F206-04FB-4D54-871B-B9D2BE9FFE45}
		{A3973408-F00E-47B1-8E01-4A12A20BDA6A} = {02EA681E-C7D8-13C7-8484-4AC65E1B71E8}
		{BC68D572-14A8-4C04-B82D-22B3795234C8} = {A3973408-F00E-47B1-8E01-4A12A20BDA6A}
		{8732D061-1569-4502-BDD5-68C190D45F67} = {A3973408-F00E-47B1-8E01-4A12A20BDA6A}
		{63B8BED5-18E4-4998-9CDD-1F755D72F458} = {A3973408-F00E-47B1-8E01-4A12A20BDA6A}
		{5777621B-A765-291C-C625-824290E12590} = {BC68D572-14A8-4C04-B82D-22B3795234C8}
		{EBD94DF3-452D-B553-BD4A-DD2C26D24BB1} = {8732D061-1569-4502-BDD5-68C190D45F67}
		{8066DF69-4AC8-A87B-9C02-D1931BB7C82F} = {63B8BED5-18E4-4998-9CDD-1F755D72F458}
		{5A35F77F-28D7-4E59-9F76-510F826F676E} = {02EA681E-C7D8-13C7-8484-4AC65E1B71E8}
		{F6C3E1B3-5B19-4ECA-9DE4-BFE7ECB2A10E} = {5A35F77F-28D7-4E59-9F76-510F826F676E}
		{DFE5F6BF-72B2-4FE3-AD14-8E788A3C1E73} = {5A35F77F-28D7-4E59-9F76-510F826F676E}
		{4FAF92E9-FF57-4C11-89B0-57CFC7AE01BC} = {5A35F77F-28D7-4E59-9F76-510F826F676E}
		{6F86DD8C-32F8-3730-E891-FBF7B3F20E99} = {F6C3E1B3-5B19-4ECA-9DE4-BFE7ECB2A10E}
		{DB2D573B-A19B-6F12-D97E-2A8658DB32B0} = {DFE5F6BF-72B2-4FE3-AD14-8E788A3C1E73}
		{EE8C24F8-34B7-37A8-1498-52FF559CDDC2} = {4FAF92E9-FF57-4C11-89B0-57CFC7AE01BC}
		{3161DA6F-C367-4676-8491-7200E4447629} = {02EA681E-C7D8-13C7-8484-4AC65E1B71E8}
		{DF264440-F5BE-4FF7-8D81-1D25D1A1CEAA} = {3161DA6F-C367-4676-8491-7200E4447629}
		{3DC36AE0-D4E7-DDA3-AC7E-5B5F52085E34} = {DF264440-F5BE-4FF7-8D81-1D25D1A1CEAA}
		{F742CC6F-2C2C-81BC-0E68-3B2912803B9A} = {4164E5F9-93F2-42A5-8E97-B794E9FF1091}
		{4164E5F9-93F2-42A5-8E97-B794E9FF1091} = {3161DA6F-C367-4676-8491-7200E4447629}
	EndGlobalSection
	GlobalSection(ExtensibilityGlobals) = postSolution
		SolutionGuid = {B25254F8-B787-4A9D-B486-5BAD50377CB8}
	EndGlobalSection
EndGlobal
